
Microsoft Visual Studio Solution File, Format Version 12.00
# Visual Studio Version 17
VisualStudioVersion = 17.0.31903.59
MinimumVisualStudioVersion = 10.0.40219.1
Project("{2150E333-8FDC-42A3-9474-1A3956D46DE8}") = "src", "src", "{827E0CD3-B72D-47B6-A68D-7590B98EB39B}"
EndProject
Project("{FAE04EC0-301F-11D3-BF4B-00C04F79EFBC}") = "AuctionService", "src\AuctionService\AuctionService.csproj", "{D1940767-FDED-461F-911F-A2B41D64ECBB}"
EndProject
Project("{FAE04EC0-301F-11D3-BF4B-00C04F79EFBC}") = "SearchService", "src\SearchService\SearchService.csproj", "{4984F09B-C474-404E-A8AE-90FCF3ACC77D}"
EndProject
Project("{FAE04EC0-301F-11D3-BF4B-00C04F79EFBC}") = "Contracts", "src\Contracts\Contracts.csproj", "{BAFDA17F-F129-4021-A0A3-2EDA6B4CC2A6}"
EndProject
Project("{FAE04EC0-301F-11D3-BF4B-00C04F79EFBC}") = "IdentityService", "src\IdentityService\IdentityService.csproj", "{E0F0081F-DD7E-4B41-ACA0-D0AF7C1C1BB8}"
EndProject
Project("{FAE04EC0-301F-11D3-BF4B-00C04F79EFBC}") = "GatewayService", "src\GatewayService\GatewayService.csproj", "{B0FF9304-4CFE-4F63-AE3D-B004A449A681}"
EndProject
Project("{FAE04EC0-301F-11D3-BF4B-00C04F79EFBC}") = "BiddingService", "src\BiddingService\BiddingService.csproj", "{9E931887-863A-4CA6-A63D-FB3B438B135D}"
EndProject
Global
	GlobalSection(SolutionConfigurationPlatforms) = preSolution
		Debug|Any CPU = Debug|Any CPU
		Debug|x64 = Debug|x64
		Debug|x86 = Debug|x86
		Release|Any CPU = Release|Any CPU
		Release|x64 = Release|x64
		Release|x86 = Release|x86
	EndGlobalSection
	GlobalSection(ProjectConfigurationPlatforms) = postSolution
		{D1940767-FDED-461F-911F-A2B41D64ECBB}.Debug|Any CPU.ActiveCfg = Debug|Any CPU
		{D1940767-FDED-461F-911F-A2B41D64ECBB}.Debug|Any CPU.Build.0 = Debug|Any CPU
		{D1940767-FDED-461F-911F-A2B41D64ECBB}.Debug|x64.ActiveCfg = Debug|Any CPU
		{D1940767-FDED-461F-911F-A2B41D64ECBB}.Debug|x64.Build.0 = Debug|Any CPU
		{D1940767-FDED-461F-911F-A2B41D64ECBB}.Debug|x86.ActiveCfg = Debug|Any CPU
		{D1940767-FDED-461F-911F-A2B41D64ECBB}.Debug|x86.Build.0 = Debug|Any CPU
		{D1940767-FDED-461F-911F-A2B41D64ECBB}.Release|Any CPU.ActiveCfg = Release|Any CPU
		{D1940767-FDED-461F-911F-A2B41D64ECBB}.Release|Any CPU.Build.0 = Release|Any CPU
		{D1940767-FDED-461F-911F-A2B41D64ECBB}.Release|x64.ActiveCfg = Release|Any CPU
		{D1940767-FDED-461F-911F-A2B41D64ECBB}.Release|x64.Build.0 = Release|Any CPU
		{D1940767-FDED-461F-911F-A2B41D64ECBB}.Release|x86.ActiveCfg = Release|Any CPU
		{D1940767-FDED-461F-911F-A2B41D64ECBB}.Release|x86.Build.0 = Release|Any CPU
		{4984F09B-C474-404E-A8AE-90FCF3ACC77D}.Debug|Any CPU.ActiveCfg = Debug|Any CPU
		{4984F09B-C474-404E-A8AE-90FCF3ACC77D}.Debug|Any CPU.Build.0 = Debug|Any CPU
		{4984F09B-C474-404E-A8AE-90FCF3ACC77D}.Debug|x64.ActiveCfg = Debug|Any CPU
		{4984F09B-C474-404E-A8AE-90FCF3ACC77D}.Debug|x64.Build.0 = Debug|Any CPU
		{4984F09B-C474-404E-A8AE-90FCF3ACC77D}.Debug|x86.ActiveCfg = Debug|Any CPU
		{4984F09B-C474-404E-A8AE-90FCF3ACC77D}.Debug|x86.Build.0 = Debug|Any CPU
		{4984F09B-C474-404E-A8AE-90FCF3ACC77D}.Release|Any CPU.ActiveCfg = Release|Any CPU
		{4984F09B-C474-404E-A8AE-90FCF3ACC77D}.Release|Any CPU.Build.0 = Release|Any CPU
		{4984F09B-C474-404E-A8AE-90FCF3ACC77D}.Release|x64.ActiveCfg = Release|Any CPU
		{4984F09B-C474-404E-A8AE-90FCF3ACC77D}.Release|x64.Build.0 = Release|Any CPU
		{4984F09B-C474-404E-A8AE-90FCF3ACC77D}.Release|x86.ActiveCfg = Release|Any CPU
		{4984F09B-C474-404E-A8AE-90FCF3ACC77D}.Release|x86.Build.0 = Release|Any CPU
		{BAFDA17F-F129-4021-A0A3-2EDA6B4CC2A6}.Debug|Any CPU.ActiveCfg = Debug|Any CPU
		{BAFDA17F-F129-4021-A0A3-2EDA6B4CC2A6}.Debug|Any CPU.Build.0 = Debug|Any CPU
		{BAFDA17F-F129-4021-A0A3-2EDA6B4CC2A6}.Debug|x64.ActiveCfg = Debug|Any CPU
		{BAFDA17F-F129-4021-A0A3-2EDA6B4CC2A6}.Debug|x64.Build.0 = Debug|Any CPU
		{BAFDA17F-F129-4021-A0A3-2EDA6B4CC2A6}.Debug|x86.ActiveCfg = Debug|Any CPU
		{BAFDA17F-F129-4021-A0A3-2EDA6B4CC2A6}.Debug|x86.Build.0 = Debug|Any CPU
		{BAFDA17F-F129-4021-A0A3-2EDA6B4CC2A6}.Release|Any CPU.ActiveCfg = Release|Any CPU
		{BAFDA17F-F129-4021-A0A3-2EDA6B4CC2A6}.Release|Any CPU.Build.0 = Release|Any CPU
		{BAFDA17F-F129-4021-A0A3-2EDA6B4CC2A6}.Release|x64.ActiveCfg = Release|Any CPU
		{BAFDA17F-F129-4021-A0A3-2EDA6B4CC2A6}.Release|x64.Build.0 = Release|Any CPU
		{BAFDA17F-F129-4021-A0A3-2EDA6B4CC2A6}.Release|x86.ActiveCfg = Release|Any CPU
		{BAFDA17F-F129-4021-A0A3-2EDA6B4CC2A6}.Release|x86.Build.0 = Release|Any CPU
		{E0F0081F-DD7E-4B41-ACA0-D0AF7C1C1BB8}.Debug|Any CPU.ActiveCfg = Debug|Any CPU
		{E0F0081F-DD7E-4B41-ACA0-D0AF7C1C1BB8}.Debug|Any CPU.Build.0 = Debug|Any CPU
		{E0F0081F-DD7E-4B41-ACA0-D0AF7C1C1BB8}.Debug|x64.ActiveCfg = Debug|Any CPU
		{E0F0081F-DD7E-4B41-ACA0-D0AF7C1C1BB8}.Debug|x64.Build.0 = Debug|Any CPU
		{E0F0081F-DD7E-4B41-ACA0-D0AF7C1C1BB8}.Debug|x86.ActiveCfg = Debug|Any CPU
		{E0F0081F-DD7E-4B41-ACA0-D0AF7C1C1BB8}.Debug|x86.Build.0 = Debug|Any CPU
		{E0F0081F-DD7E-4B41-ACA0-D0AF7C1C1BB8}.Release|Any CPU.ActiveCfg = Release|Any CPU
		{E0F0081F-DD7E-4B41-ACA0-D0AF7C1C1BB8}.Release|Any CPU.Build.0 = Release|Any CPU
		{E0F0081F-DD7E-4B41-ACA0-D0AF7C1C1BB8}.Release|x64.ActiveCfg = Release|Any CPU
		{E0F0081F-DD7E-4B41-ACA0-D0AF7C1C1BB8}.Release|x64.Build.0 = Release|Any CPU
		{E0F0081F-DD7E-4B41-ACA0-D0AF7C1C1BB8}.Release|x86.ActiveCfg = Release|Any CPU
		{E0F0081F-DD7E-4B41-ACA0-D0AF7C1C1BB8}.Release|x86.Build.0 = Release|Any CPU
		{B0FF9304-4CFE-4F63-AE3D-B004A449A681}.Debug|Any CPU.ActiveCfg = Debug|Any CPU
		{B0FF9304-4CFE-4F63-AE3D-B004A449A681}.Debug|Any CPU.Build.0 = Debug|Any CPU
		{B0FF9304-4CFE-4F63-AE3D-B004A449A681}.Debug|x64.ActiveCfg = Debug|Any CPU
		{B0FF9304-4CFE-4F63-AE3D-B004A449A681}.Debug|x64.Build.0 = Debug|Any CPU
		{B0FF9304-4CFE-4F63-AE3D-B004A449A681}.Debug|x86.ActiveCfg = Debug|Any CPU
		{B0FF9304-4CFE-4F63-AE3D-B004A449A681}.Debug|x86.Build.0 = Debug|Any CPU
		{B0FF9304-4CFE-4F63-AE3D-B004A449A681}.Release|Any CPU.ActiveCfg = Release|Any CPU
		{B0FF9304-4CFE-4F63-AE3D-B004A449A681}.Release|Any CPU.Build.0 = Release|Any CPU
		{B0FF9304-4CFE-4F63-AE3D-B004A449A681}.Release|x64.ActiveCfg = Release|Any CPU
		{B0FF9304-4CFE-4F63-AE3D-B004A449A681}.Release|x64.Build.0 = Release|Any CPU
		{B0FF9304-4CFE-4F63-AE3D-B004A449A681}.Release|x86.ActiveCfg = Release|Any CPU
		{B0FF9304-4CFE-4F63-AE3D-B004A449A681}.Release|x86.Build.0 = Release|Any CPU
		{9E931887-863A-4CA6-A63D-FB3B438B135D}.Debug|Any CPU.ActiveCfg = Debug|Any CPU
		{9E931887-863A-4CA6-A63D-FB3B438B135D}.Debug|Any CPU.Build.0 = Debug|Any CPU
		{9E931887-863A-4CA6-A63D-FB3B438B135D}.Debug|x64.ActiveCfg = Debug|Any CPU
		{9E931887-863A-4CA6-A63D-FB3B438B135D}.Debug|x64.Build.0 = Debug|Any CPU
		{9E931887-863A-4CA6-A63D-FB3B438B135D}.Debug|x86.ActiveCfg = Debug|Any CPU
		{9E931887-863A-4CA6-A63D-FB3B438B135D}.Debug|x86.Build.0 = Debug|Any CPU
		{9E931887-863A-4CA6-A63D-FB3B438B135D}.Release|Any CPU.ActiveCfg = Release|Any CPU
		{9E931887-863A-4CA6-A63D-FB3B438B135D}.Release|Any CPU.Build.0 = Release|Any CPU
		{9E931887-863A-4CA6-A63D-FB3B438B135D}.Release|x64.ActiveCfg = Release|Any CPU
		{9E931887-863A-4CA6-A63D-FB3B438B135D}.Release|x64.Build.0 = Release|Any CPU
		{9E931887-863A-4CA6-A63D-FB3B438B135D}.Release|x86.ActiveCfg = Release|Any CPU
		{9E931887-863A-4CA6-A63D-FB3B438B135D}.Release|x86.Build.0 = Release|Any CPU
	EndGlobalSection
	GlobalSection(SolutionProperties) = preSolution
		HideSolutionNode = FALSE
	EndGlobalSection
	GlobalSection(NestedProjects) = preSolution
		{D1940767-FDED-461F-911F-A2B41D64ECBB} = {827E0CD3-B72D-47B6-A68D-7590B98EB39B}
		{4984F09B-C474-404E-A8AE-90FCF3ACC77D} = {827E0CD3-B72D-47B6-A68D-7590B98EB39B}
		{BAFDA17F-F129-4021-A0A3-2EDA6B4CC2A6} = {827E0CD3-B72D-47B6-A68D-7590B98EB39B}
		{E0F0081F-DD7E-4B41-ACA0-D0AF7C1C1BB8} = {827E0CD3-B72D-47B6-A68D-7590B98EB39B}
		{B0FF9304-4CFE-4F63-AE3D-B004A449A681} = {827E0CD3-B72D-47B6-A68D-7590B98EB39B}
		{9E931887-863A-4CA6-A63D-FB3B438B135D} = {827E0CD3-B72D-47B6-A68D-7590B98EB39B}
	EndGlobalSection
EndGlobal
